# THIS IS AN AUTOGENERATED FILE. DO NOT EDIT THIS FILE DIRECTLY.
# yarn lockfile v1


"@figma/plugin-typings@*":
  version "1.47.0"
  resolved "https://registry.yarnpkg.com/@figma/plugin-typings/-/plugin-typings-1.47.0.tgz#cc6345b1611a156228655c0869c87953cd1ec868"
  integrity sha512-DwMHzjDvks2cRWOTz4JRXqh+PZ2YP71MAdegw6qTqjjpACIWQGfuiFPrO2duoqB8pY1mMZsBK8xqozF2LIr7Kw==

typescript@*:
  version "4.6.4"
  resolved "https://registry.yarnpkg.com/typescript/-/typescript-4.6.4.tgz#caa78bbc3a59e6a5c510d35703f6a09877ce45e9"
  integrity sha512-9ia/jWHIEbo49HfjrLGfKbZSuWo9iTMwXO+Ca3pRsSpbsMbc7/IU8NKdCZVRRBafVPGnoJeFL76ZOAA84I9fEg==
